{
  "name": "dz2semver3",
  "version": "1.0.0",
  "lockfileVersion": 3,
  "requires": true,
  "packages": {
    "": {
      "name": "dz2semver3",
      "version": "1.0.0",
      "license": "ISC",
      "dependencies": {
        "dzlol": "^1.0.1"
      }
    },
    "node_modules/dzlol": {
      "version": "1.0.1",
      "resolved": "https://registry.npmjs.org/dzlol/-/dzlol-1.0.1.tgz",
      "integrity": "sha512-qduHcVbJ5/E6+DN1SBQU7mwzPoHrmE3zXLR2A3WmVsKo6C1jdGY5oezt2YczQ4KLrD3pvSFviC6cHwNwMVgqow=="
    }
  }
}
